
Microsoft Visual Studio Solution File, Format Version 12.00
# Visual Studio Version 17
VisualStudioVersion = 17.8.34511.84
MinimumVisualStudioVersion = 10.0.40219.1
Project("{9A19103F-16F7-4668-BE54-9A1E7A4F7556}") = "Bleeter.Domain", "Bleeter.Domain\Bleeter.Domain.csproj", "{1393B7BE-1719-4F24-9C61-F35127EBE1C6}"
EndProject
Project("{2150E333-8FDC-42A3-9474-1A3956D46DE8}") = "AccountService", "AccountService", "{5FD032EA-CBBE-4AAF-A08B-08D84C53FDDF}"
EndProject
Project("{9A19103F-16F7-4668-BE54-9A1E7A4F7556}") = "Bleeter.AccountService", "Bleeter.AccountService\Bleeter.AccountService.csproj", "{15C98D4E-7535-4F67-AA33-AEBD5AA58F2E}"
EndProject
Project("{9A19103F-16F7-4668-BE54-9A1E7A4F7556}") = "Bleeter.AccountService.DAL", "Bleeter.AccountService.DAL\Bleeter.AccountService.DAL.csproj", "{B8AC7D4D-A2D7-44B2-88B4-1A7682173801}"
EndProject
Project("{2150E333-8FDC-42A3-9474-1A3956D46DE8}") = "SolutionItems", "SolutionItems", "{688661F7-BF3A-413F-BBCB-65C53662E67A}"
EndProject
Project("{2150E333-8FDC-42A3-9474-1A3956D46DE8}") = "PrivateMessageService", "PrivateMessageService", "{424C5591-A70F-4A1F-ABCD-A82C45C924DD}"
EndProject
Project("{FAE04EC0-301F-11D3-BF4B-00C04F79EFBC}") = "Bleeter.PrivateMessageService", "Bleeter.PrivateMessageService\Bleeter.PrivateMessageService.csproj", "{E0D59CEF-5A69-4942-AB62-AAAEB68DFD0E}"
EndProject
Global
	GlobalSection(SolutionConfigurationPlatforms) = preSolution
		Debug|Any CPU = Debug|Any CPU
		Release|Any CPU = Release|Any CPU
	EndGlobalSection
	GlobalSection(ProjectConfigurationPlatforms) = postSolution
		{1393B7BE-1719-4F24-9C61-F35127EBE1C6}.Debug|Any CPU.ActiveCfg = Debug|Any CPU
		{1393B7BE-1719-4F24-9C61-F35127EBE1C6}.Debug|Any CPU.Build.0 = Debug|Any CPU
		{1393B7BE-1719-4F24-9C61-F35127EBE1C6}.Release|Any CPU.ActiveCfg = Release|Any CPU
		{1393B7BE-1719-4F24-9C61-F35127EBE1C6}.Release|Any CPU.Build.0 = Release|Any CPU
		{15C98D4E-7535-4F67-AA33-AEBD5AA58F2E}.Debug|Any CPU.ActiveCfg = Debug|Any CPU
		{15C98D4E-7535-4F67-AA33-AEBD5AA58F2E}.Debug|Any CPU.Build.0 = Debug|Any CPU
		{15C98D4E-7535-4F67-AA33-AEBD5AA58F2E}.Release|Any CPU.ActiveCfg = Release|Any CPU
		{15C98D4E-7535-4F67-AA33-AEBD5AA58F2E}.Release|Any CPU.Build.0 = Release|Any CPU
		{B8AC7D4D-A2D7-44B2-88B4-1A7682173801}.Debug|Any CPU.ActiveCfg = Debug|Any CPU
		{B8AC7D4D-A2D7-44B2-88B4-1A7682173801}.Debug|Any CPU.Build.0 = Debug|Any CPU
		{B8AC7D4D-A2D7-44B2-88B4-1A7682173801}.Release|Any CPU.ActiveCfg = Release|Any CPU
		{B8AC7D4D-A2D7-44B2-88B4-1A7682173801}.Release|Any CPU.Build.0 = Release|Any CPU
		{E0D59CEF-5A69-4942-AB62-AAAEB68DFD0E}.Debug|Any CPU.ActiveCfg = Debug|Any CPU
		{E0D59CEF-5A69-4942-AB62-AAAEB68DFD0E}.Debug|Any CPU.Build.0 = Debug|Any CPU
		{E0D59CEF-5A69-4942-AB62-AAAEB68DFD0E}.Release|Any CPU.ActiveCfg = Release|Any CPU
		{E0D59CEF-5A69-4942-AB62-AAAEB68DFD0E}.Release|Any CPU.Build.0 = Release|Any CPU
	EndGlobalSection
	GlobalSection(SolutionProperties) = preSolution
		HideSolutionNode = FALSE
	EndGlobalSection
	GlobalSection(NestedProjects) = preSolution
		{15C98D4E-7535-4F67-AA33-AEBD5AA58F2E} = {5FD032EA-CBBE-4AAF-A08B-08D84C53FDDF}
		{B8AC7D4D-A2D7-44B2-88B4-1A7682173801} = {5FD032EA-CBBE-4AAF-A08B-08D84C53FDDF}
		{E0D59CEF-5A69-4942-AB62-AAAEB68DFD0E} = {424C5591-A70F-4A1F-ABCD-A82C45C924DD}
	EndGlobalSection
	GlobalSection(ExtensibilityGlobals) = postSolution
		SolutionGuid = {5E3F71DA-2F9A-4EAC-96EC-F0958B5DC276}
	EndGlobalSection
EndGlobal
